{
  "version": 4,
  "terraform_version": "1.13.4",
  "serial": 7,
  "lineage": "2637cd02-757d-937b-8d9d-5fdaf1de7e00",
  "outputs": {
    "db_instance": {
      "value": "products-db-instance1",
      "type": "string"
    },
    "db_password": {
      "value": "postgres",
      "type": "string",
      "sensitive": true
    },
    "db_user": {
      "value": "user1",
      "type": "string"
    },
    "gke_endpoint": {
      "value": "34.61.222.141",
      "type": "string"
    }
  },
  "resources": [
    {
      "mode": "data",
      "type": "google_compute_network",
      "name": "vpc_network",
      "provider": "provider[\"registry.terraform.io/hashicorp/google\"]",
      "instances": [
        {
          "schema_version": 0,
          "attributes": {
            "description": "",
            "gateway_ipv4": "",
            "id": "projects/my-project-app-477009/global/networks/products-vpc1",
            "internal_ipv6_range": "",
            "name": "products-vpc1",
            "network_id": -1215512567,
            "network_profile": "",
            "numeric_id": "-1215512567",
            "project": null,
            "self_link": "https://www.googleapis.com/compute/v1/projects/my-project-app-477009/global/networks/products-vpc1",
            "subnetworks_self_links": [
              "https://www.googleapis.com/compute/v1/projects/my-project-app-477009/regions/asia-south1/subnetworks/products-vpc1",
              "https://www.googleapis.com/compute/v1/projects/my-project-app-477009/regions/southamerica-west1/subnetworks/products-vpc1",
              "https://www.googleapis.com/compute/v1/projects/my-project-app-477009/regions/me-west1/subnetworks/products-vpc1",
              "https://www.googleapis.com/compute/v1/projects/my-project-app-477009/regions/us-central1/subnetworks/products-vpc1",
              "https://www.googleapis.com/compute/v1/projects/my-project-app-477009/regions/europe-west4/subnetworks/products-vpc1",
              "https://www.googleapis.com/compute/v1/projects/my-project-app-477009/regions/northamerica-northeast1/subnetworks/products-vpc1",
              "https://www.googleapis.com/compute/v1/projects/my-project-app-477009/regions/northamerica-south1/subnetworks/products-vpc1",
              "https://www.googleapis.com/compute/v1/projects/my-project-app-477009/regions/us-east1/subnetworks/products-vpc1",
              "https://www.googleapis.com/compute/v1/projects/my-project-app-477009/regions/us-west1/subnetworks/products-vpc1",
              "https://www.googleapis.com/compute/v1/projects/my-project-app-477009/regions/asia-east1/subnetworks/products-vpc1",
              "https://www.googleapis.com/compute/v1/projects/my-project-app-477009/regions/us-east4/subnetworks/products-vpc1",
              "https://www.googleapis.com/compute/v1/projects/my-project-app-477009/regions/us-west4/subnetworks/products-vpc1",
              "https://www.googleapis.com/compute/v1/projects/my-project-app-477009/regions/asia-southeast1/subnetworks/products-vpc1",
              "https://www.googleapis.com/compute/v1/projects/my-project-app-477009/regions/us-south1/subnetworks/products-vpc1",
              "https://www.googleapis.com/compute/v1/projects/my-project-app-477009/regions/asia-southeast2/subnetworks/products-vpc1",
              "https://www.googleapis.com/compute/v1/projects/my-project-app-477009/regions/europe-west3/subnetworks/products-vpc1",
              "https://www.googleapis.com/compute/v1/projects/my-project-app-477009/regions/asia-northeast1/subnetworks/products-vpc1",
              "https://www.googleapis.com/compute/v1/projects/my-project-app-477009/regions/australia-southeast1/subnetworks/products-vpc1",
              "https://www.googleapis.com/compute/v1/projects/my-project-app-477009/regions/us-west2/subnetworks/products-vpc1",
              "https://www.googleapis.com/compute/v1/projects/my-project-app-477009/regions/africa-south1/subnetworks/products-vpc1",
              "https://www.googleapis.com/compute/v1/projects/my-project-app-477009/regions/us-west3/subnetworks/products-vpc1",
              "https://www.googleapis.com/compute/v1/projects/my-project-app-477009/regions/asia-northeast3/subnetworks/products-vpc1",
              "https://www.googleapis.com/compute/v1/projects/my-project-app-477009/regions/europe-west2/subnetworks/products-vpc1",
              "https://www.googleapis.com/compute/v1/projects/my-project-app-477009/regions/asia-south2/subnetworks/products-vpc1",
              "https://www.googleapis.com/compute/v1/projects/my-project-app-477009/regions/europe-north1/subnetworks/products-vpc1",
              "https://www.googleapis.com/compute/v1/projects/my-project-app-477009/regions/europe-west12/subnetworks/products-vpc1",
              "https://www.googleapis.com/compute/v1/projects/my-project-app-477009/regions/us-east5/subnetworks/products-vpc1",
              "https://www.googleapis.com/compute/v1/projects/my-project-app-477009/regions/asia-southeast3/subnetworks/products-vpc1",
              "https://www.googleapis.com/compute/v1/projects/my-project-app-477009/regions/asia-northeast2/subnetworks/products-vpc1",
              "https://www.googleapis.com/compute/v1/projects/my-project-app-477009/regions/europe-southwest1/subnetworks/products-vpc1",
              "https://www.googleapis.com/compute/v1/projects/my-project-app-477009/regions/europe-west10/subnetworks/products-vpc1",
              "https://www.googleapis.com/compute/v1/projects/my-project-app-477009/regions/europe-west9/subnetworks/products-vpc1",
              "https://www.googleapis.com/compute/v1/projects/my-project-app-477009/regions/us-central1/subnetworks/products-subnet1",
              "https://www.googleapis.com/compute/v1/projects/my-project-app-477009/regions/europe-west6/subnetworks/products-vpc1",
              "https://www.googleapis.com/compute/v1/projects/my-project-app-477009/regions/europe-west8/subnetworks/products-vpc1",
              "https://www.googleapis.com/compute/v1/projects/my-project-app-477009/regions/me-central1/subnetworks/products-vpc1",
              "https://www.googleapis.com/compute/v1/projects/my-project-app-477009/regions/europe-west1/subnetworks/products-vpc1",
              "https://www.googleapis.com/compute/v1/projects/my-project-app-477009/regions/southamerica-east1/subnetworks/products-vpc1",
              "https://www.googleapis.com/compute/v1/projects/my-project-app-477009/regions/australia-southeast2/subnetworks/products-vpc1",
              "https://www.googleapis.com/compute/v1/projects/my-project-app-477009/regions/europe-north2/subnetworks/products-vpc1",
              "https://www.googleapis.com/compute/v1/projects/my-project-app-477009/regions/asia-east2/subnetworks/products-vpc1",
              "https://www.googleapis.com/compute/v1/projects/my-project-app-477009/regions/northamerica-northeast2/subnetworks/products-vpc1",
              "https://www.googleapis.com/compute/v1/projects/my-project-app-477009/regions/europe-central2/subnetworks/products-vpc1"
            ]
          },
          "sensitive_attributes": [],
          "identity_schema_version": 0
        }
      ]
    },
    {
      "mode": "data",
      "type": "google_compute_subnetwork",
      "name": "private_subnet",
      "provider": "provider[\"registry.terraform.io/hashicorp/google\"]",
      "instances": [
        {
          "schema_version": 0,
          "attributes": {
            "description": "",
            "external_ipv6_prefix": "",
            "gateway_address": "10.10.0.1",
            "id": "projects/my-project-app-477009/regions/us-central1/subnetworks/products-subnet1",
            "internal_ipv6_prefix": "",
            "ip_cidr_range": "10.10.0.0/24",
            "ipv6_access_type": "",
            "name": "products-subnet1",
            "network": "https://www.googleapis.com/compute/v1/projects/my-project-app-477009/global/networks/products-vpc1",
            "private_ip_google_access": true,
            "project": "my-project-app-477009",
            "region": "us-central1",
            "secondary_ip_range": [],
            "self_link": "https://www.googleapis.com/compute/v1/projects/my-project-app-477009/regions/us-central1/subnetworks/products-subnet1",
            "stack_type": "IPV4_ONLY",
            "subnetwork_id": -1215512074
          },
          "sensitive_attributes": [],
          "identity_schema_version": 0
        }
      ]
    },
    {
      "mode": "data",
      "type": "google_secret_manager_secret_version",
      "name": "db_password",
      "provider": "provider[\"registry.terraform.io/hashicorp/google\"]",
      "instances": [
        {
          "schema_version": 0,
          "attributes": {
            "create_time": "2025-11-22T04:03:52.452510Z",
            "destroy_time": null,
            "enabled": true,
            "fetch_secret_data": true,
            "id": "projects/433503387155/secrets/db-password/versions/2",
            "is_secret_data_base64": false,
            "name": "projects/433503387155/secrets/db-password/versions/2",
            "project": "my-project-app-477009",
            "secret": "db-password",
            "secret_data": "postgres",
            "version": "2"
          },
          "sensitive_attributes": [
            [
              {
                "type": "get_attr",
                "value": "secret_data"
              }
            ]
          ],
          "identity_schema_version": 0
        }
      ]
    },
    {
      "mode": "managed",
      "type": "google_compute_firewall",
      "name": "allow_internal",
      "provider": "provider[\"registry.terraform.io/hashicorp/google\"]",
      "instances": [
        {
          "schema_version": 1,
          "attributes": {
            "allow": [
              {
                "ports": [
                  "5432"
                ],
                "protocol": "tcp"
              }
            ],
            "creation_timestamp": "2025-11-24T01:21:07.833-08:00",
            "deny": [],
            "description": "",
            "destination_ranges": [],
            "direction": "INGRESS",
            "disabled": false,
            "enable_logging": null,
            "id": "projects/my-project-app-477009/global/firewalls/allow-internal-traffic1",
            "log_config": [],
            "name": "allow-internal-traffic1",
            "network": "https://www.googleapis.com/compute/v1/projects/my-project-app-477009/global/networks/products-vpc1",
            "params": [],
            "priority": 1000,
            "project": "my-project-app-477009",
            "self_link": "https://www.googleapis.com/compute/v1/projects/my-project-app-477009/global/firewalls/allow-internal-traffic1",
            "source_ranges": [
              "10.10.0.0/24"
            ],
            "source_service_accounts": null,
            "source_tags": null,
            "target_service_accounts": null,
            "target_tags": [
              "gke-node"
            ],
            "timeouts": null
          },
          "sensitive_attributes": [],
          "identity_schema_version": 0,
          "private": "eyJlMmJmYjczMC1lY2FhLTExZTYtOGY4OC0zNDM2M2JjN2M0YzAiOnsiY3JlYXRlIjoxMjAwMDAwMDAwMDAwLCJkZWxldGUiOjEyMDAwMDAwMDAwMDAsInVwZGF0ZSI6MTIwMDAwMDAwMDAwMH0sInNjaGVtYV92ZXJzaW9uIjoiMSJ9",
          "dependencies": [
            "data.google_compute_network.vpc_network"
          ]
        }
      ]
    },
    {
      "mode": "managed",
      "type": "google_container_cluster",
      "name": "cluster",
      "provider": "provider[\"registry.terraform.io/hashicorp/google\"]",
      "instances": [
        {
          "schema_version": 2,
          "attributes": {
            "addons_config": [
              {
                "cloudrun_config": [],
                "config_connector_config": [],
                "dns_cache_config": [],
                "gce_persistent_disk_csi_driver_config": [
                  {
                    "enabled": true
                  }
                ],
                "gcp_filestore_csi_driver_config": [],
                "gcs_fuse_csi_driver_config": [],
                "gke_backup_agent_config": [],
                "horizontal_pod_autoscaling": [],
                "http_load_balancing": [],
                "lustre_csi_driver_config": [],
                "network_policy_config": [
                  {
                    "disabled": true
                  }
                ],
                "parallelstore_csi_driver_config": [],
                "ray_operator_config": [],
                "stateful_ha_config": []
              }
            ],
            "allow_net_admin": null,
            "anonymous_authentication_config": [
              {
                "mode": "ENABLED"
              }
            ],
            "authenticator_groups_config": [],
            "binary_authorization": [
              {
                "enabled": false,
                "evaluation_mode": ""
              }
            ],
            "cluster_autoscaling": [
              {
                "auto_provisioning_defaults": [],
                "auto_provisioning_locations": [],
                "autoscaling_profile": "BALANCED",
                "default_compute_class_enabled": false,
                "enabled": false,
                "resource_limits": []
              }
            ],
            "cluster_ipv4_cidr": "10.12.0.0/14",
            "confidential_nodes": [],
            "control_plane_endpoints_config": [
              {
                "dns_endpoint_config": [
                  {
                    "allow_external_traffic": false,
                    "enable_k8s_certs_via_dns": false,
                    "enable_k8s_tokens_via_dns": false,
                    "endpoint": "gke-a2f28754d380422fa1c2930c2b5c1041c50b-433503387155.us-central1-a.gke.goog"
                  }
                ],
                "ip_endpoints_config": [
                  {
                    "enabled": true
                  }
                ]
              }
            ],
            "cost_management_config": [],
            "database_encryption": [
              {
                "key_name": "",
                "state": "DECRYPTED"
              }
            ],
            "datapath_provider": "",
            "default_max_pods_per_node": 110,
            "default_snat_status": [
              {
                "disabled": false
              }
            ],
            "deletion_protection": false,
            "description": "",
            "disable_l4_lb_firewall_reconciliation": false,
            "dns_config": [],
            "effective_labels": {
              "goog-terraform-provisioned": "true"
            },
            "enable_autopilot": false,
            "enable_cilium_clusterwide_network_policy": false,
            "enable_fqdn_network_policy": false,
            "enable_intranode_visibility": false,
            "enable_k8s_beta_apis": [],
            "enable_kubernetes_alpha": false,
            "enable_l4_ilb_subsetting": false,
            "enable_legacy_abac": false,
            "enable_multi_networking": false,
            "enable_shielded_nodes": true,
            "enable_tpu": false,
            "endpoint": "34.61.222.141",
            "enterprise_config": [
              {
                "cluster_tier": "STANDARD",
                "desired_tier": ""
              }
            ],
            "fleet": [],
            "gateway_api_config": [],
            "gke_auto_upgrade_config": [],
            "id": "projects/my-project-app-477009/locations/us-central1-a/clusters/products-gke-cluster1",
            "identity_service_config": [],
            "in_transit_encryption_config": "",
            "initial_node_count": 1,
            "ip_allocation_policy": [
              {
                "additional_ip_ranges_config": [],
                "additional_pod_ranges_config": [],
                "auto_ipam_config": [],
                "cluster_ipv4_cidr_block": "10.12.0.0/14",
                "cluster_secondary_range_name": "gke-products-gke-cluster1-pods-a2f28754",
                "network_tier_config": [
                  {
                    "network_tier": "NETWORK_TIER_DEFAULT"
                  }
                ],
                "pod_cidr_overprovision_config": [
                  {
                    "disabled": false
                  }
                ],
                "services_ipv4_cidr_block": "34.118.224.0/20",
                "services_secondary_range_name": "",
                "stack_type": "IPV4"
              }
            ],
            "label_fingerprint": "78cdf2f6",
            "location": "us-central1-a",
            "logging_config": [
              {
                "enable_components": [
                  "SYSTEM_COMPONENTS",
                  "WORKLOADS"
                ]
              }
            ],
            "logging_service": "logging.googleapis.com/kubernetes",
            "maintenance_policy": [],
            "master_auth": [
              {
                "client_certificate": "",
                "client_certificate_config": [
                  {
                    "issue_client_certificate": false
                  }
                ],
                "client_key": "",
                "cluster_ca_certificate": "LS0tLS1CRUdJTiBDRVJUSUZJQ0FURS0tLS0tCk1JSUVMVENDQXBXZ0F3SUJBZ0lSQUt0QTFta3loM0NwdjF4Vy95dnpTU0F3RFFZSktvWklodmNOQVFFTEJRQXcKTHpFdE1Dc0dBMVVFQXhNa05URTFaV0UyTUdNdFl6Z3pOUzAwTkRneUxXRmhPVEl0TjJWalpHWXpZV001TVRCaApNQ0FYRFRJMU1URXlOREE0TWpFeE1Gb1lEekl3TlRVeE1URTNNRGt5TVRFd1dqQXZNUzB3S3dZRFZRUURFeVExCk1UVmxZVFl3WXkxak9ETTFMVFEwT0RJdFlXRTVNaTAzWldOa1pqTmhZemt4TUdFd2dnR2lNQTBHQ1NxR1NJYjMKRFFFQkFRVUFBNElCandBd2dnR0tBb0lCZ1FERnIrRmIwZE9aRWdvSmlsYWNOT0phd0d0dllLWDAycDZPcGZXTQpUYnE3OTVOZTRvMmRMZEd3azVUNlNsd0ZzdnlTN0NRMFN3eHZLY01ISVgzeFZpbWN5cDY4dDc2Y3VPY2FwbTdGClJldWVvMFFjUU50bnJwQnFRWHFDU2Z0RCswV1J5T2tQdzVJWjYxUndIb3dtNmVzNFRTUktHdjUxaUVWSmJ3YlQKRW8wSkFOL0JCVXpvRTRNV2Q3aFpLRlRIYlBBbU9ySzFhMUkzQ1FFUkt2RUFSYW1abUlwak5lM1F2bzFkMGVXVgpVejJzNEpwL01NemFDbndZNWxuUEtXdGVRazl3M0dRQ0FXYUZWeDlDVDlFekUwbGhOQWhLL01sRnhEMVFCdTR5ClRmQzB1dmtiMm03Z0xYbHNJaWZ0YXBqSUp5ZDc1WFRkWGxXUC9iQmJtMWR4cFhiT2t4YVo0akdMd2pmYnVySlAKNS9IMThIZ2xNUTYrc1VQN1RIRWZobDJ2K0xNRWMzM29wcDlDSzNveUpCMjc0VG96d1FzY0F4NEV1UVRrR1NObwpGMTJjcVlRMVRQalQ3YVdpMCtmaUJKeGVld1YvSU05TEFRS3pmU2UrVTVkVnluMGdKNkZTbEFyMFlXWWVoNTJiCmZGU1ZDTnNUaC9XQjd4ZDR6bElBZmJFSVFIa0NBd0VBQWFOQ01FQXdEZ1lEVlIwUEFRSC9CQVFEQWdJRU1BOEcKQTFVZEV3RUIvd1FGTUFNQkFmOHdIUVlEVlIwT0JCWUVGTE1zeUpCL3VWWnVzYnBraE02c3QzcERoRloyTUEwRwpDU3FHU0liM0RRRUJDd1VBQTRJQmdRQXpvS1J4ZVVUY1VxUVdTSkdUOFQ4L1BndGY5bXRCUENyZlhTbjBaeE5tCnBhSGdjVVppdlpQaGd0aSt0MzlUSkFVVjNqaVVzaEVUKzkySmhUaTN5cmhEMTlpV2Q2TkpONTlvS1owWGdsWjMKV2lOamE3Q3NZbnlua0FpQ0Z5UFQvU2pBQ0pjWWJ2dHE2b0xhZExGK3FiZVVUUDd0ZmEwa1JRVVVvS2U4ZXdCQwpoUU4wSVl2M2N2d2xkY1VEb0dKWjc0bGdLT0tHMHhoVjBaTVdla29kczVpY0NBWDNLYjRZSHlkREJubHJhWDNaCkQxV1JYbFJLa2tzK29WdVg5eExJeERLWFZVQUtlWkVaQ3FXQ1REQnkvbVZzeGdFYUxsNnJnZ3BoR3lqOFFIT1kKRUpBbG0vNGs3NjE2d1crU0FPMmpUNmZETW4wNGtFKzIxa2NOMlNBbUdUSFpYT0FKWFlaZ0VJUmhZd25ldU1ZUQphd09jN2NUcWRQT3JYTG5pNjJKWXRkZ0tjNVJDZ0NvdHhadkUwMk1Vczl0ejdPcWRrd1RZdUd6NGYyaVYyc3JqCmJxMmZtaWRJQWN4TXg1bzFFbTNTUjBZanAxSTBtTityaGJTU1VjS1dXcEpXakJvdkFTaWRKVVFma3dDcElTc0QKREZ1T2ZBcXZSazFIU1J1UmdjSUhpTjA9Ci0tLS0tRU5EIENFUlRJRklDQVRFLS0tLS0K"
              }
            ],
            "master_authorized_networks_config": [],
            "master_version": "1.33.5-gke.1201000",
            "mesh_certificates": [],
            "min_master_version": null,
            "monitoring_config": [
              {
                "advanced_datapath_observability_config": [
                  {
                    "enable_metrics": false,
                    "enable_relay": false
                  }
                ],
                "enable_components": [
                  "SYSTEM_COMPONENTS",
                  "STORAGE",
                  "HPA",
                  "POD",
                  "DAEMONSET",
                  "DEPLOYMENT",
                  "STATEFULSET",
                  "JOBSET",
                  "CADVISOR",
                  "KUBELET",
                  "DCGM"
                ],
                "managed_prometheus": [
                  {
                    "auto_monitoring_config": [],
                    "enabled": true
                  }
                ]
              }
            ],
            "monitoring_service": "monitoring.googleapis.com/kubernetes",
            "name": "products-gke-cluster1",
            "network": "projects/my-project-app-477009/global/networks/products-vpc1",
            "network_performance_config": [],
            "network_policy": [
              {
                "enabled": false,
                "provider": "PROVIDER_UNSPECIFIED"
              }
            ],
            "networking_mode": "VPC_NATIVE",
            "node_config": [],
            "node_locations": [],
            "node_pool": [],
            "node_pool_auto_config": [
              {
                "linux_node_config": [],
                "network_tags": [],
                "node_kubelet_config": [
                  {
                    "insecure_kubelet_readonly_port_enabled": "FALSE"
                  }
                ],
                "resource_manager_tags": {}
              }
            ],
            "node_pool_defaults": [
              {
                "node_config_defaults": [
                  {
                    "containerd_config": [],
                    "gcfs_config": [],
                    "insecure_kubelet_readonly_port_enabled": "FALSE",
                    "logging_variant": "DEFAULT"
                  }
                ]
              }
            ],
            "node_version": "1.33.5-gke.1201000",
            "notification_config": [
              {
                "pubsub": [
                  {
                    "enabled": false,
                    "filter": [],
                    "topic": ""
                  }
                ]
              }
            ],
            "operation": null,
            "pod_autoscaling": [
              {
                "hpa_profile": "PERFORMANCE"
              }
            ],
            "private_cluster_config": [
              {
                "enable_private_endpoint": false,
                "enable_private_nodes": true,
                "master_global_access_config": [
                  {
                    "enabled": false
                  }
                ],
                "master_ipv4_cidr_block": "",
                "peering_name": "",
                "private_endpoint": "10.10.0.10",
                "private_endpoint_subnetwork": "",
                "public_endpoint": "34.61.222.141"
              }
            ],
            "private_ipv6_google_access": "",
            "project": "my-project-app-477009",
            "rbac_binding_config": [
              {
                "enable_insecure_binding_system_authenticated": true,
                "enable_insecure_binding_system_unauthenticated": true
              }
            ],
            "release_channel": [
              {
                "channel": "REGULAR"
              }
            ],
            "remove_default_node_pool": true,
            "resource_labels": null,
            "resource_usage_export_config": [],
            "secret_manager_config": [
              {
                "enabled": false,
                "rotation_config": []
              }
            ],
            "security_posture_config": [
              {
                "mode": "BASIC",
                "vulnerability_mode": "VULNERABILITY_MODE_UNSPECIFIED"
              }
            ],
            "self_link": "https://container.googleapis.com/v1/projects/my-project-app-477009/zones/us-central1-a/clusters/products-gke-cluster1",
            "service_external_ips_config": [
              {
                "enabled": false
              }
            ],
            "services_ipv4_cidr": "34.118.224.0/20",
            "subnetwork": "projects/my-project-app-477009/regions/us-central1/subnetworks/products-subnet1",
            "terraform_labels": {
              "goog-terraform-provisioned": "true"
            },
            "timeouts": null,
            "tpu_ipv4_cidr_block": "",
            "user_managed_keys_config": [],
            "vertical_pod_autoscaling": [],
            "workload_identity_config": []
          },
          "sensitive_attributes": [
            [
              {
                "type": "get_attr",
                "value": "master_auth"
              },
              {
                "type": "index",
                "value": {
                  "value": 0,
                  "type": "number"
                }
              },
              {
                "type": "get_attr",
                "value": "client_key"
              }
            ]
          ],
          "identity_schema_version": 0,
          "private": "eyJlMmJmYjczMC1lY2FhLTExZTYtOGY4OC0zNDM2M2JjN2M0YzAiOnsiY3JlYXRlIjoyNDAwMDAwMDAwMDAwLCJkZWxldGUiOjI0MDAwMDAwMDAwMDAsInJlYWQiOjI0MDAwMDAwMDAwMDAsInVwZGF0ZSI6MzYwMDAwMDAwMDAwMH0sInNjaGVtYV92ZXJzaW9uIjoiMiJ9",
          "dependencies": [
            "data.google_compute_network.vpc_network",
            "data.google_compute_subnetwork.private_subnet"
          ]
        }
      ]
    },
    {
      "mode": "managed",
      "type": "google_container_node_pool",
      "name": "primary_nodes",
      "provider": "provider[\"registry.terraform.io/hashicorp/google\"]",
      "instances": [
        {
          "schema_version": 1,
          "attributes": {
            "autoscaling": [
              {
                "location_policy": "BALANCED",
                "max_node_count": 2,
                "min_node_count": 0,
                "total_max_node_count": 0,
                "total_min_node_count": 0
              }
            ],
            "cluster": "products-gke-cluster1",
            "id": "projects/my-project-app-477009/locations/us-central1-a/clusters/products-gke-cluster1/nodePools/cloudsql-pool",
            "initial_node_count": 2,
            "instance_group_urls": [
              "https://www.googleapis.com/compute/v1/projects/my-project-app-477009/zones/us-central1-a/instanceGroupManagers/gke-products-gke-cluste-cloudsql-pool-8676e871-grp"
            ],
            "location": "us-central1-a",
            "managed_instance_group_urls": [
              "https://www.googleapis.com/compute/v1/projects/my-project-app-477009/zones/us-central1-a/instanceGroups/gke-products-gke-cluste-cloudsql-pool-8676e871-grp"
            ],
            "management": [
              {
                "auto_repair": true,
                "auto_upgrade": true
              }
            ],
            "max_pods_per_node": 110,
            "name": "cloudsql-pool",
            "name_prefix": "",
            "network_config": [
              {
                "additional_node_network_configs": [],
                "additional_pod_network_configs": [],
                "create_pod_range": false,
                "enable_private_nodes": true,
                "network_performance_config": [],
                "pod_cidr_overprovision_config": [],
                "pod_ipv4_cidr_block": "10.12.0.0/14",
                "pod_range": "gke-products-gke-cluster1-pods-a2f28754",
                "subnetwork": "projects/my-project-app-477009/regions/us-central1/subnetworks/products-subnet1"
              }
            ],
            "node_config": [
              {
                "advanced_machine_features": [],
                "boot_disk": [
                  {
                    "disk_type": "pd-balanced",
                    "provisioned_iops": 0,
                    "provisioned_throughput": 0,
                    "size_gb": 100
                  }
                ],
                "boot_disk_kms_key": "",
                "confidential_nodes": [],
                "containerd_config": [],
                "disk_size_gb": 100,
                "disk_type": "pd-balanced",
                "effective_taints": [],
                "enable_confidential_storage": false,
                "ephemeral_storage_local_ssd_config": [],
                "fast_socket": [],
                "flex_start": false,
                "gcfs_config": [],
                "guest_accelerator": [],
                "gvnic": [],
                "host_maintenance_policy": [],
                "image_type": "COS_CONTAINERD",
                "kubelet_config": [
                  {
                    "allowed_unsafe_sysctls": [],
                    "container_log_max_files": 0,
                    "container_log_max_size": "",
                    "cpu_cfs_quota": false,
                    "cpu_cfs_quota_period": "",
                    "cpu_manager_policy": "",
                    "eviction_max_pod_grace_period_seconds": 0,
                    "eviction_minimum_reclaim": [],
                    "eviction_soft": [],
                    "eviction_soft_grace_period": [],
                    "image_gc_high_threshold_percent": 0,
                    "image_gc_low_threshold_percent": 0,
                    "image_maximum_gc_age": "",
                    "image_minimum_gc_age": "",
                    "insecure_kubelet_readonly_port_enabled": "FALSE",
                    "max_parallel_image_pulls": 2,
                    "memory_manager": [],
                    "pod_pids_limit": 0,
                    "single_process_oom_kill": false,
                    "topology_manager": []
                  }
                ],
                "labels": {},
                "linux_node_config": [],
                "local_nvme_ssd_block_config": [],
                "local_ssd_count": 0,
                "local_ssd_encryption_mode": "",
                "logging_variant": "DEFAULT",
                "machine_type": "e2-medium",
                "max_run_duration": "",
                "metadata": {
                  "disable-legacy-endpoints": "true"
                },
                "min_cpu_platform": "",
                "node_group": "",
                "oauth_scopes": [
                  "https://www.googleapis.com/auth/cloud-platform"
                ],
                "preemptible": false,
                "reservation_affinity": [],
                "resource_labels": {
                  "goog-gke-node-pool-provisioning-model": "on-demand"
                },
                "resource_manager_tags": null,
                "secondary_boot_disks": [],
                "service_account": "default",
                "shielded_instance_config": [
                  {
                    "enable_integrity_monitoring": true,
                    "enable_secure_boot": false
                  }
                ],
                "sole_tenant_config": [],
                "spot": false,
                "storage_pools": null,
                "tags": [
                  "gke-node"
                ],
                "taint": [],
                "windows_node_config": [
                  {
                    "osversion": ""
                  }
                ],
                "workload_metadata_config": []
              }
            ],
            "node_count": 2,
            "node_locations": [
              "us-central1-a"
            ],
            "operation": null,
            "placement_policy": [],
            "project": "my-project-app-477009",
            "queued_provisioning": [],
            "timeouts": null,
            "upgrade_settings": [
              {
                "blue_green_settings": [],
                "max_surge": 1,
                "max_unavailable": 0,
                "strategy": "SURGE"
              }
            ],
            "version": "1.33.5-gke.1201000"
          },
          "sensitive_attributes": [],
          "identity_schema_version": 0,
          "private": "eyJlMmJmYjczMC1lY2FhLTExZTYtOGY4OC0zNDM2M2JjN2M0YzAiOnsiY3JlYXRlIjoxODAwMDAwMDAwMDAwLCJkZWxldGUiOjE4MDAwMDAwMDAwMDAsInVwZGF0ZSI6MTgwMDAwMDAwMDAwMH0sInNjaGVtYV92ZXJzaW9uIjoiMSJ9",
          "dependencies": [
            "data.google_compute_network.vpc_network",
            "data.google_compute_subnetwork.private_subnet",
            "google_container_cluster.cluster"
          ]
        }
      ]
    },
    {
      "mode": "managed",
      "type": "google_sql_database",
      "name": "database",
      "provider": "provider[\"registry.terraform.io/hashicorp/google\"]",
      "instances": [
        {
          "schema_version": 0,
          "attributes": {
            "charset": "UTF8",
            "collation": "en_US.UTF8",
            "deletion_policy": "DELETE",
            "id": "projects/my-project-app-477009/instances/products-db-instance1/databases/appdb",
            "instance": "products-db-instance1",
            "name": "appdb",
            "project": "my-project-app-477009",
            "self_link": "https://sqladmin.googleapis.com/sql/v1beta4/projects/my-project-app-477009/instances/products-db-instance1/databases/appdb",
            "timeouts": null
          },
          "sensitive_attributes": [],
          "identity_schema_version": 0,
          "private": "eyJlMmJmYjczMC1lY2FhLTExZTYtOGY4OC0zNDM2M2JjN2M0YzAiOnsiY3JlYXRlIjoxMjAwMDAwMDAwMDAwLCJkZWxldGUiOjEyMDAwMDAwMDAwMDAsInVwZGF0ZSI6MTIwMDAwMDAwMDAwMH19",
          "dependencies": [
            "data.google_compute_network.vpc_network",
            "google_sql_database_instance.db_instance"
          ]
        }
      ]
    },
    {
      "mode": "managed",
      "type": "google_sql_database_instance",
      "name": "db_instance",
      "provider": "provider[\"registry.terraform.io/hashicorp/google\"]",
      "instances": [
        {
          "schema_version": 0,
          "attributes": {
            "available_maintenance_versions": [],
            "backupdr_backup": null,
            "clone": [],
            "connection_name": "my-project-app-477009:us-central1:products-db-instance1",
            "database_version": "POSTGRES_15",
            "deletion_protection": true,
            "dns_name": "",
            "dns_names": [],
            "encryption_key_name": null,
            "final_backup_description": null,
            "first_ip_address": "10.103.0.8",
            "id": "products-db-instance1",
            "instance_type": "CLOUD_SQL_INSTANCE",
            "ip_address": [
              {
                "ip_address": "10.103.0.8",
                "time_to_retire": "",
                "type": "PRIVATE"
              }
            ],
            "maintenance_version": "POSTGRES_15_15.R20251004.01_19",
            "master_instance_name": "",
            "name": "products-db-instance1",
            "node_count": 0,
            "point_in_time_restore_context": [],
            "private_ip_address": "10.103.0.8",
            "project": "my-project-app-477009",
            "psc_service_attachment_link": "",
            "public_ip_address": "",
            "region": "us-central1",
            "replica_configuration": [],
            "replica_names": [],
            "replication_cluster": [
              {
                "dr_replica": false,
                "failover_dr_replica_name": "",
                "psa_write_endpoint": ""
              }
            ],
            "restore_backup_context": [],
            "root_password": null,
            "self_link": "https://sqladmin.googleapis.com/sql/v1beta4/projects/my-project-app-477009/instances/products-db-instance1",
            "server_ca_cert": [
              {
                "cert": "-----BEGIN CERTIFICATE-----\nMIIDfzCCAmegAwIBAgIBADANBgkqhkiG9w0BAQsFADB3MS0wKwYDVQQuEyQyMGVm\nOTEzMS0zNGMxLTQzNjEtYTNiZi0yYzY1ZTRjNWVhNDAxIzAhBgNVBAMTGkdvb2ds\nZSBDbG91ZCBTUUwgU2VydmVyIENBMRQwEgYDVQQKEwtHb29nbGUsIEluYzELMAkG\nA1UEBhMCVVMwHhcNMjUxMTI0MDkyMjQwWhcNMzUxMTIyMDkyMzQwWjB3MS0wKwYD\nVQQuEyQyMGVmOTEzMS0zNGMxLTQzNjEtYTNiZi0yYzY1ZTRjNWVhNDAxIzAhBgNV\nBAMTGkdvb2dsZSBDbG91ZCBTUUwgU2VydmVyIENBMRQwEgYDVQQKEwtHb29nbGUs\nIEluYzELMAkGA1UEBhMCVVMwggEiMA0GCSqGSIb3DQEBAQUAA4IBDwAwggEKAoIB\nAQCkm/pVG7ip7KumpuO1OqOfjX2kvBzgHhiKxtEONpiJZ7sOrB9qSSNQshHjnRkF\nIUxA3QrFMZuxGvdTUIWWIikTRg93wtkRO3ZyOlLRkjetWUGCws+z19bxkvM74Gm/\ns01+B6P4VWK8Wnz6jzV4uFxmYQDrDqt7lSUEiJiuzzhJWbgJ+ewqmFhFe8faBb9y\nfg4mqyqe9nywbQOarNcYP9HdP97wGx+RTPBBlMsmjn3aIFPjdVH14wvbodxHY6sa\ndXYVOYlWWI8cmNS8TG+nC0tfWTlNoDsza8IY6ixL/R1+E8dUit9tv8NHoxi4So5K\niBTzsgz1upZzBoCSnAIITE7bAgMBAAGjFjAUMBIGA1UdEwEB/wQIMAYBAf8CAQAw\nDQYJKoZIhvcNAQELBQADggEBAGL6lid9kYkU6eQHg88ENrX5Jt/68sKS4KKH7McU\nEfX8fchQe7+raaMueNAoQ386zFRcv+j/sD6efEC3doYVulZUWMXlCSHy1vobqdNK\n+cKHex+/fi8TIzyCOOObJAE1qnjjMC3CF+omcNx4jgrOLJZHjvQuzw7grxTZJUho\n0zdWxe/kVdPh+cLZ3fn8/sI3YLjjhSQ9rTXNiWtiISW/qpp/j5os1UyyvqF/eZAc\nA3APnRNQqLdNNPDT95s43nYnM4fR3j8iIZIj3GHzIvw6UeoEXpPSV9cxqaAv8rRe\n7kZa4QP1GDaZvldyGqiut160S0ww2qJemY1/M3DjJkf4WuM=\n-----END CERTIFICATE-----",
                "common_name": "C=US,O=Google\\, Inc,CN=Google Cloud SQL Server CA,dnQualifier=20ef9131-34c1-4361-a3bf-2c65e4c5ea40",
                "create_time": "2025-11-24T09:22:40.262Z",
                "expiration_time": "2035-11-22T09:23:40.262Z",
                "sha1_fingerprint": "4b987ccca741d336aabfa030b2838ad4d916895d"
              }
            ],
            "service_account_email_address": "p433503387155-3ks4jw@gcp-sa-cloud-sql.iam.gserviceaccount.com",
            "settings": [
              {
                "activation_policy": "ALWAYS",
                "active_directory_config": [],
                "advanced_machine_features": [],
                "availability_type": "ZONAL",
                "backup_configuration": [
                  {
                    "backup_retention_settings": [
                      {
                        "retained_backups": 7,
                        "retention_unit": "COUNT"
                      }
                    ],
                    "binary_log_enabled": false,
                    "enabled": false,
                    "location": "",
                    "point_in_time_recovery_enabled": false,
                    "start_time": "01:00",
                    "transaction_log_retention_days": 7
                  }
                ],
                "collation": "",
                "connection_pool_config": [],
                "connector_enforcement": "NOT_REQUIRED",
                "data_cache_config": [
                  {
                    "data_cache_enabled": false
                  }
                ],
                "database_flags": [],
                "deletion_protection_enabled": false,
                "deny_maintenance_period": [],
                "disk_autoresize": true,
                "disk_autoresize_limit": 0,
                "disk_size": 10,
                "disk_type": "PD_SSD",
                "edition": "ENTERPRISE",
                "effective_availability_type": "ZONAL",
                "enable_dataplex_integration": false,
                "enable_google_ml_integration": false,
                "final_backup_config": [],
                "insights_config": [],
                "ip_configuration": [
                  {
                    "allocated_ip_range": "",
                    "authorized_networks": [],
                    "custom_subject_alternative_names": null,
                    "enable_private_path_for_google_cloud_services": false,
                    "ipv4_enabled": false,
                    "private_network": "projects/my-project-app-477009/global/networks/products-vpc1",
                    "psc_config": [],
                    "server_ca_mode": "GOOGLE_MANAGED_INTERNAL_CA",
                    "server_ca_pool": "",
                    "ssl_mode": "ALLOW_UNENCRYPTED_AND_ENCRYPTED"
                  }
                ],
                "location_preference": [
                  {
                    "follow_gae_application": "",
                    "secondary_zone": "",
                    "zone": "us-central1-c"
                  }
                ],
                "maintenance_window": [],
                "password_validation_policy": [],
                "pricing_plan": "PER_USE",
                "read_pool_auto_scale_config": [
                  {
                    "disable_scale_in": false,
                    "enabled": false,
                    "max_node_count": 0,
                    "min_node_count": 0,
                    "scale_in_cooldown_seconds": 0,
                    "scale_out_cooldown_seconds": 0,
                    "target_metrics": []
                  }
                ],
                "retain_backups_on_delete": false,
                "sql_server_audit_config": [],
                "tier": "db-f1-micro",
                "time_zone": "",
                "user_labels": {},
                "version": 1
              }
            ],
            "timeouts": null
          },
          "sensitive_attributes": [
            [
              {
                "type": "get_attr",
                "value": "root_password"
              }
            ],
            [
              {
                "type": "get_attr",
                "value": "server_ca_cert"
              }
            ]
          ],
          "identity_schema_version": 0,
          "private": "eyJlMmJmYjczMC1lY2FhLTExZTYtOGY4OC0zNDM2M2JjN2M0YzAiOnsiY3JlYXRlIjo1NDAwMDAwMDAwMDAwLCJkZWxldGUiOjU0MDAwMDAwMDAwMDAsInVwZGF0ZSI6NTQwMDAwMDAwMDAwMH19",
          "dependencies": [
            "data.google_compute_network.vpc_network"
          ]
        }
      ]
    },
    {
      "mode": "managed",
      "type": "google_sql_user",
      "name": "db_user",
      "provider": "provider[\"registry.terraform.io/hashicorp/google\"]",
      "instances": [
        {
          "schema_version": 1,
          "attributes": {
            "deletion_policy": null,
            "host": "",
            "id": "user1//products-db-instance1",
            "instance": "products-db-instance1",
            "name": "user1",
            "password": "postgres",
            "password_policy": [],
            "password_wo": null,
            "password_wo_version": null,
            "project": "my-project-app-477009",
            "sql_server_user_details": [],
            "timeouts": null,
            "type": ""
          },
          "sensitive_attributes": [
            [
              {
                "type": "get_attr",
                "value": "password"
              }
            ]
          ],
          "identity_schema_version": 0,
          "private": "eyJlMmJmYjczMC1lY2FhLTExZTYtOGY4OC0zNDM2M2JjN2M0YzAiOnsiY3JlYXRlIjo2MDAwMDAwMDAwMDAsImRlbGV0ZSI6NjAwMDAwMDAwMDAwLCJ1cGRhdGUiOjYwMDAwMDAwMDAwMH0sInNjaGVtYV92ZXJzaW9uIjoiMSJ9",
          "dependencies": [
            "data.google_compute_network.vpc_network",
            "data.google_secret_manager_secret_version.db_password",
            "google_sql_database_instance.db_instance"
          ]
        }
      ]
    }
  ],
  "check_results": null
}
