{
  "version": 4,
  "terraform_version": "1.13.4",
  "serial": 1,
  "lineage": "4fd77460-c400-f8db-f61a-2e57d66016dc",
  "outputs": {
    "artifact_repo": {
      "value": null,
      "type": "string"
    },
    "cloudsql_conn_name": {
      "value": "my-project-app-477009:us-central1:product-db-instance",
      "type": "string"
    },
    "cloudsql_public_ip": {
      "value": "136.115.254.71",
      "type": "string"
    },
    "db_public_ip": {
      "value": "136.115.254.71",
      "type": "string"
    },
    "gke_cluster": {
      "value": null,
      "type": "string"
    },
    "gke_cluster_name": {
      "value": null,
      "type": "string"
    },
    "gsa_email": {
      "value": null,
      "type": "string"
    },
    "instance_connection_name": {
      "value": "my-project-app-477009:us-central1:product-db-instance",
      "type": "string"
    }
  },
  "resources": [
    {
      "mode": "managed",
      "type": "google_sql_database_instance",
      "name": "postgres_instance",
      "provider": "provider[\"registry.terraform.io/hashicorp/google\"]",
      "instances": [
        {
          "schema_version": 0,
          "attributes": {
            "available_maintenance_versions": [],
            "clone": [],
            "connection_name": "my-project-app-477009:us-central1:product-db-instance",
            "database_version": "POSTGRES_15",
            "deletion_protection": true,
            "dns_name": "",
            "encryption_key_name": null,
            "first_ip_address": "136.115.254.71",
            "id": "product-db-instance",
            "instance_type": "CLOUD_SQL_INSTANCE",
            "ip_address": [
              {
                "ip_address": "136.115.254.71",
                "time_to_retire": "",
                "type": "PRIMARY"
              },
              {
                "ip_address": "34.173.21.104",
                "time_to_retire": "",
                "type": "OUTGOING"
              }
            ],
            "maintenance_version": "POSTGRES_15_14.R20251004.01_07",
            "master_instance_name": "",
            "name": "product-db-instance",
            "private_ip_address": "",
            "project": "my-project-app-477009",
            "psc_service_attachment_link": "",
            "public_ip_address": "136.115.254.71",
            "region": "us-central1",
            "replica_configuration": [],
            "restore_backup_context": [],
            "root_password": null,
            "self_link": "https://sqladmin.googleapis.com/sql/v1beta4/projects/my-project-app-477009/instances/product-db-instance",
            "server_ca_cert": [
              {
                "cert": "-----BEGIN CERTIFICATE-----\nMIIDfzCCAmegAwIBAgIBADANBgkqhkiG9w0BAQsFADB3MS0wKwYDVQQuEyQyMmYy\nNjY2OS01NTE0LTQwMDItOWJkNC0zNzhkM2I0NWFmOWExIzAhBgNVBAMTGkdvb2ds\nZSBDbG91ZCBTUUwgU2VydmVyIENBMRQwEgYDVQQKEwtHb29nbGUsIEluYzELMAkG\nA1UEBhMCVVMwHhcNMjUxMTAzMDQwMjQ4WhcNMzUxMTAxMDQwMzQ4WjB3MS0wKwYD\nVQQuEyQyMmYyNjY2OS01NTE0LTQwMDItOWJkNC0zNzhkM2I0NWFmOWExIzAhBgNV\nBAMTGkdvb2dsZSBDbG91ZCBTUUwgU2VydmVyIENBMRQwEgYDVQQKEwtHb29nbGUs\nIEluYzELMAkGA1UEBhMCVVMwggEiMA0GCSqGSIb3DQEBAQUAA4IBDwAwggEKAoIB\nAQC/tLHfAuWS6HmqMEPwrzWYvlpiPHkXLMuf+pEYw/mpYfxnk33CLx2C+9PAShET\neK0Y56QwJfI/ddWuqNO36bXObr79AO/ttgEEDL+qNOlAVtoNC4w60R6h5f0/461u\n0BzM0znsdGKkcX7XrMvJVOStrzvwRosoVGHKZLID58fgU2rANZ4FcGcqiYMmSUuM\nrdE2wKx88KqtHzFQYiI1hWnZRT1eYrIw+AsROnrbgstkNdUIjKMqcIlXImYsYd78\nBYNMaoegzrxcfiM5SsFw0FEW44Mj9iSLSPmYsVXpvuUFpflI34if/g7im6PCWy4Y\nIBnS0x9as7Rygf9V61vJU+mjAgMBAAGjFjAUMBIGA1UdEwEB/wQIMAYBAf8CAQAw\nDQYJKoZIhvcNAQELBQADggEBAIsrqbb5Jv3LVvmBTdyRuPc9H0XFzaE+O5WW5vX9\nLkqYnZPPlcHmRXThDcjQd5/ZEDFuokrVc8QJxilkXg9/+MKXEom4keA6HZkjwiPd\nHUfTggEqfSxeEEMHFqubMf5TOkcNJZPt7qg4+XArpptIJE/nfTQIUhqdyzBhKTX0\nio+rXw75RHefsR/YFGj5UOfJwFmDHYlHDDNUkzs/WchuVsnFECqFfAbwrCVvSMsJ\nJyL3gjU7/WVc6xoGJRKGVCd8hibclhtqmjYFyMd/P5yjw4FJvR65ZOaEFs1HxYV3\nlw3NYF82aNRgewhamkS/iI0tI5U03IxtkkWJuFJmwzGZYmQ=\n-----END CERTIFICATE-----",
                "common_name": "C=US,O=Google\\, Inc,CN=Google Cloud SQL Server CA,dnQualifier=22f26669-5514-4002-9bd4-378d3b45af9a",
                "create_time": "2025-11-03T04:02:48.148Z",
                "expiration_time": "2035-11-01T04:03:48.148Z",
                "sha1_fingerprint": "4276d019982b61be506a7716d6ff667227e7f40c"
              }
            ],
            "service_account_email_address": "p433503387155-wd6ygd@gcp-sa-cloud-sql.iam.gserviceaccount.com",
            "settings": [
              {
                "activation_policy": "NEVER",
                "active_directory_config": [],
                "advanced_machine_features": [],
                "availability_type": "ZONAL",
                "backup_configuration": [
                  {
                    "backup_retention_settings": [
                      {
                        "retained_backups": 7,
                        "retention_unit": "COUNT"
                      }
                    ],
                    "binary_log_enabled": false,
                    "enabled": true,
                    "location": "us",
                    "point_in_time_recovery_enabled": true,
                    "start_time": "19:00",
                    "transaction_log_retention_days": 7
                  }
                ],
                "collation": "",
                "connector_enforcement": "NOT_REQUIRED",
                "data_cache_config": [],
                "database_flags": [],
                "deletion_protection_enabled": true,
                "deny_maintenance_period": [],
                "disk_autoresize": true,
                "disk_autoresize_limit": 0,
                "disk_size": 10,
                "disk_type": "PD_SSD",
                "edition": "ENTERPRISE",
                "enable_dataplex_integration": false,
                "enable_google_ml_integration": false,
                "insights_config": [
                  {
                    "query_insights_enabled": false,
                    "query_plans_per_minute": 0,
                    "query_string_length": 0,
                    "record_application_tags": false,
                    "record_client_address": false
                  }
                ],
                "ip_configuration": [
                  {
                    "allocated_ip_range": "",
                    "authorized_networks": [
                      {
                        "expiration_time": "",
                        "name": "",
                        "value": "45.118.72.144"
                      },
                      {
                        "expiration_time": "",
                        "name": "",
                        "value": "45.118.72.241"
                      }
                    ],
                    "enable_private_path_for_google_cloud_services": false,
                    "ipv4_enabled": true,
                    "private_network": "",
                    "psc_config": [],
                    "require_ssl": false,
                    "ssl_mode": ""
                  }
                ],
                "location_preference": [
                  {
                    "follow_gae_application": "",
                    "secondary_zone": "",
                    "zone": "us-central1-f"
                  }
                ],
                "maintenance_window": [
                  {
                    "day": 0,
                    "hour": 0,
                    "update_track": "canary"
                  }
                ],
                "password_validation_policy": [],
                "pricing_plan": "PER_USE",
                "sql_server_audit_config": [],
                "tier": "db-custom-2-8192",
                "time_zone": "",
                "user_labels": {},
                "version": 43
              }
            ],
            "timeouts": null
          },
          "sensitive_attributes": [
            [
              {
                "type": "get_attr",
                "value": "root_password"
              }
            ],
            [
              {
                "type": "get_attr",
                "value": "server_ca_cert"
              }
            ]
          ],
          "identity_schema_version": 0,
          "private": "eyJlMmJmYjczMC1lY2FhLTExZTYtOGY4OC0zNDM2M2JjN2M0YzAiOnsiY3JlYXRlIjo1NDAwMDAwMDAwMDAwLCJkZWxldGUiOjU0MDAwMDAwMDAwMDAsInVwZGF0ZSI6NTQwMDAwMDAwMDAwMH0sInNjaGVtYV92ZXJzaW9uIjoiMCJ9"
        }
      ]
    }
  ],
  "check_results": null
}
