{
  "version": 4,
  "terraform_version": "1.13.4",
  "serial": 13,
  "lineage": "4fd77460-c400-f8db-f61a-2e57d66016dc",
  "outputs": {
    "artifact_repo": {
      "value": "product-repo",
      "type": "string"
    },
    "cloudsql_conn_name": {
      "value": "my-project-app-477009:us-central1:product-db-instance",
      "type": "string"
    },
    "cloudsql_public_ip": {
      "value": "136.115.254.71",
      "type": "string"
    },
    "db_public_ip": {
      "value": "136.115.254.71",
      "type": "string"
    },
    "gke_cluster": {
      "value": "product-gke-cluster",
      "type": "string"
    },
    "gke_cluster_name": {
      "value": "product-gke-cluster",
      "type": "string"
    },
    "gsa_email": {
      "value": "product-api-gsa@my-project-app-477009.iam.gserviceaccount.com",
      "type": "string"
    },
    "instance_connection_name": {
      "value": "my-project-app-477009:us-central1:product-db-instance",
      "type": "string"
    }
  },
  "resources": [
    {
      "mode": "managed",
      "type": "google_artifact_registry_repository",
      "name": "repo",
      "provider": "provider[\"registry.terraform.io/hashicorp/google\"]",
      "instances": [
        {
          "schema_version": 0,
          "attributes": {
            "cleanup_policies": [],
            "cleanup_policy_dry_run": false,
            "create_time": "2025-11-06T09:05:33.780695Z",
            "description": "Docker repo for gke-rest-api",
            "docker_config": [],
            "effective_labels": {},
            "format": "DOCKER",
            "id": "projects/my-project-app-477009/locations/us-central1/repositories/product-repo",
            "kms_key_name": "",
            "labels": null,
            "location": "us-central1",
            "maven_config": [],
            "mode": "STANDARD_REPOSITORY",
            "name": "product-repo",
            "project": "my-project-app-477009",
            "remote_repository_config": [],
            "repository_id": "product-repo",
            "terraform_labels": {},
            "timeouts": null,
            "update_time": "2025-11-06T09:05:33.780695Z",
            "virtual_repository_config": []
          },
          "sensitive_attributes": [],
          "identity_schema_version": 0,
          "private": "eyJlMmJmYjczMC1lY2FhLTExZTYtOGY4OC0zNDM2M2JjN2M0YzAiOnsiY3JlYXRlIjoxMjAwMDAwMDAwMDAwLCJkZWxldGUiOjEyMDAwMDAwMDAwMDAsInVwZGF0ZSI6MTIwMDAwMDAwMDAwMH19"
        }
      ]
    },
    {
      "mode": "managed",
      "type": "google_container_cluster",
      "name": "gke_cluster",
      "provider": "provider[\"registry.terraform.io/hashicorp/google\"]",
      "instances": [
        {
          "schema_version": 2,
          "attributes": {
            "addons_config": [
              {
                "cloudrun_config": [],
                "config_connector_config": [],
                "dns_cache_config": [],
                "gce_persistent_disk_csi_driver_config": [
                  {
                    "enabled": true
                  }
                ],
                "gcp_filestore_csi_driver_config": [],
                "gcs_fuse_csi_driver_config": [],
                "gke_backup_agent_config": [],
                "horizontal_pod_autoscaling": [],
                "http_load_balancing": [],
                "network_policy_config": [
                  {
                    "disabled": true
                  }
                ],
                "ray_operator_config": [],
                "stateful_ha_config": []
              }
            ],
            "allow_net_admin": null,
            "authenticator_groups_config": [],
            "binary_authorization": [
              {
                "enabled": false,
                "evaluation_mode": ""
              }
            ],
            "cluster_autoscaling": [
              {
                "auto_provisioning_defaults": [],
                "autoscaling_profile": "BALANCED",
                "enabled": false,
                "resource_limits": []
              }
            ],
            "cluster_ipv4_cidr": "10.84.0.0/14",
            "confidential_nodes": [],
            "cost_management_config": [],
            "database_encryption": [
              {
                "key_name": "",
                "state": "DECRYPTED"
              }
            ],
            "datapath_provider": "",
            "default_max_pods_per_node": 110,
            "default_snat_status": [
              {
                "disabled": false
              }
            ],
            "deletion_protection": true,
            "description": "",
            "dns_config": [],
            "enable_autopilot": false,
            "enable_cilium_clusterwide_network_policy": false,
            "enable_intranode_visibility": false,
            "enable_k8s_beta_apis": [],
            "enable_kubernetes_alpha": false,
            "enable_l4_ilb_subsetting": false,
            "enable_legacy_abac": false,
            "enable_multi_networking": false,
            "enable_shielded_nodes": true,
            "enable_tpu": false,
            "endpoint": "34.72.122.246",
            "fleet": [],
            "gateway_api_config": [],
            "id": "projects/my-project-app-477009/locations/us-central1-a/clusters/product-gke-cluster",
            "identity_service_config": [],
            "initial_node_count": 1,
            "ip_allocation_policy": [
              {
                "additional_pod_ranges_config": [],
                "cluster_ipv4_cidr_block": "10.84.0.0/14",
                "cluster_secondary_range_name": "gke-product-gke-cluster-pods-7aacc0d3",
                "pod_cidr_overprovision_config": [
                  {
                    "disabled": false
                  }
                ],
                "services_ipv4_cidr_block": "34.118.224.0/20",
                "services_secondary_range_name": "",
                "stack_type": "IPV4"
              }
            ],
            "label_fingerprint": "a9dc16a7",
            "location": "us-central1-a",
            "logging_config": [
              {
                "enable_components": [
                  "SYSTEM_COMPONENTS",
                  "WORKLOADS"
                ]
              }
            ],
            "logging_service": "logging.googleapis.com/kubernetes",
            "maintenance_policy": [],
            "master_auth": [
              {
                "client_certificate": "",
                "client_certificate_config": [
                  {
                    "issue_client_certificate": false
                  }
                ],
                "client_key": "",
                "cluster_ca_certificate": "LS0tLS1CRUdJTiBDRVJUSUZJQ0FURS0tLS0tCk1JSUVMVENDQXBXZ0F3SUJBZ0lSQUtma1FUN2xmUnJXS29ZelVCeUovVWd3RFFZSktvWklodmNOQVFFTEJRQXcKTHpFdE1Dc0dBMVVFQXhNa09UQTBOR0UzTWpJdFlUZGhaaTAwWkRnMExXSXdOV010TVdGbE0yUmpZalEzWVdZMQpNQ0FYRFRJMU1URXdOakE0TURVeU1sb1lEekl3TlRVeE1ETXdNRGt3TlRJeVdqQXZNUzB3S3dZRFZRUURFeVE1Ck1EUTBZVGN5TWkxaE4yRm1MVFJrT0RRdFlqQTFZeTB4WVdVelpHTmlORGRoWmpVd2dnR2lNQTBHQ1NxR1NJYjMKRFFFQkFRVUFBNElCandBd2dnR0tBb0lCZ1FETGNYTnFBTEtaK1BMdjBJeXZ4SFcxRktQZXVoNmJJT2Z1QzB0cQpTMHRnOGlWVGkxRytRQ2FiTXpub0JZZVpzcTEwYi9xVC9ETlJYUEEwZnNKQkptRElpNW5JWHEramd2Wnd6TDZkCktZQ2pZV0RmZm5qcHN2dzNBOEowY1pFOEcrMTBRRDdzZW90SEgralVnTkJHRzNCVG5hQndqdUl6YTdiTjkremgKcEhRN3ZTU2cyZnZiUEM5eGcyTVZSc3hHdEtjdGRIb3phVkRISldBeEI1dElMRWRwM25FUkoyQ28vWGZFMldXcgpSR0laT1prL3ZMZ3hIZkhSUlVFNktIY25KWGVGSkVGRjlCWitlaW5GUWhhd0dJSkpaMTdESVlvcTU4Q01XbXQvCm5hTFFTcHdRNGFjc1Ntd2Y4MXl0MUJiOWpTdkhCNElNamw2QzNDNFBZWFpwUW9DWHVoZWQ2TytuNHBpd0p3RHUKYkZudUNvd3ZlOTZpYVFpUG5HUnB2YU9oUllROEZ2VXNQS2JDa1VpRlFoVlBwcWcvdEtTRmFXSldKdFR0c0Zxawo2Y0swTXdIV2ExblYySnR5YWttdUFiQk9PeUJwdHZUaWNQTWN4dUpXM0JaYjZJMVlUMGRBYXFjalhoVkZzODIzCnVXcWJqSjZZckIvUithV0k3ZnBKV1VaMngvc0NBd0VBQWFOQ01FQXdEZ1lEVlIwUEFRSC9CQVFEQWdJRU1BOEcKQTFVZEV3RUIvd1FGTUFNQkFmOHdIUVlEVlIwT0JCWUVGSDlzU2FQYmZRdHEyRXArdWhhWjVtRVJpemo5TUEwRwpDU3FHU0liM0RRRUJDd1VBQTRJQmdRQW14UTQ1d1ZORThGNmsvWGJsUUoweDBrOG9TdzF6QURDTmp4cnhHT1gyCm9ScTJBUjlzVHdPb0dsblJYUWRCL3hCYXBXK1ZGKzF1REhlUHlBbEx4NXRiK2o4QndEemsxWFRpOUpRU0R3VXUKYXQ1ZFFzOG1Zb1ZFTy9GdkQ4SFlVWmJCN01MNnZiaisrZ3ZieXlvL0hVcm92eWV0aldxYlhnWmJQaTNjN3hNUwpIbWIyUWY5UkppVGtLN1E2L3JIVWZPbjZESUFwZDg4a3JWZlNhNFdSMEg3bGtHK1hBRlloY2h1Ny9JTXFueERYCkswZTFEKy9Kb3E2aXpPeFNMbm1mc0wvd1V5TjkvcXJtYlRpbktaTWczTm5TcEg5aUo0d1BMQ21wcTV0M3ZTYXcKdDBBL1REOXR3YmtabjFDK3RtM09HbXNlNHNXc3dkSXJxQWIxck9Eb1FxWEtZY2NUck1QYjV5MlREUjRvUU1ZUgpUYjVWY1N4TjFFZlFuQmpsTHhyT0xBajZ2TStlNGpaRTVScXJweGUrdy84NzBBNGZFVVk4UmNSSTIxQ0FzeGNqClB6bGx6MitVRkpzTzZzZnpuQzB5M21KM1FiV2VORjd4SEtNSWFoYzJBblQ3NmFOdUNrbE8rYy9kS1pSUDFZQ1AKQUxsM0pFc3UvRmZxWXFzeGFjSXk4T1U9Ci0tLS0tRU5EIENFUlRJRklDQVRFLS0tLS0K"
              }
            ],
            "master_authorized_networks_config": [],
            "master_version": "1.33.5-gke.1162000",
            "mesh_certificates": [],
            "min_master_version": null,
            "monitoring_config": [
              {
                "advanced_datapath_observability_config": [
                  {
                    "enable_metrics": false,
                    "enable_relay": false,
                    "relay_mode": "DISABLED"
                  }
                ],
                "enable_components": [
                  "SYSTEM_COMPONENTS",
                  "STATEFULSET",
                  "JOBSET",
                  "STORAGE",
                  "HPA",
                  "POD",
                  "DAEMONSET",
                  "DEPLOYMENT",
                  "CADVISOR",
                  "KUBELET",
                  "DCGM"
                ],
                "managed_prometheus": [
                  {
                    "enabled": true
                  }
                ]
              }
            ],
            "monitoring_service": "monitoring.googleapis.com/kubernetes",
            "name": "product-gke-cluster",
            "network": "projects/my-project-app-477009/global/networks/default",
            "network_policy": [
              {
                "enabled": false,
                "provider": "PROVIDER_UNSPECIFIED"
              }
            ],
            "networking_mode": "VPC_NATIVE",
            "node_config": [],
            "node_locations": [],
            "node_pool": [],
            "node_pool_auto_config": [
              {
                "network_tags": null,
                "resource_manager_tags": null
              }
            ],
            "node_pool_defaults": [
              {
                "node_config_defaults": [
                  {
                    "containerd_config": [],
                    "logging_variant": "DEFAULT"
                  }
                ]
              }
            ],
            "node_version": "1.33.5-gke.1162000",
            "notification_config": [
              {
                "pubsub": [
                  {
                    "enabled": false,
                    "filter": [],
                    "topic": ""
                  }
                ]
              }
            ],
            "operation": null,
            "private_cluster_config": [
              {
                "enable_private_endpoint": false,
                "enable_private_nodes": false,
                "master_global_access_config": [
                  {
                    "enabled": false
                  }
                ],
                "master_ipv4_cidr_block": "",
                "peering_name": "",
                "private_endpoint": "10.128.0.2",
                "private_endpoint_subnetwork": "",
                "public_endpoint": "34.72.122.246"
              }
            ],
            "private_ipv6_google_access": "",
            "project": "my-project-app-477009",
            "release_channel": [
              {
                "channel": "REGULAR"
              }
            ],
            "remove_default_node_pool": true,
            "resource_labels": null,
            "resource_usage_export_config": [],
            "security_posture_config": [
              {
                "mode": "BASIC",
                "vulnerability_mode": "VULNERABILITY_MODE_UNSPECIFIED"
              }
            ],
            "self_link": "https://container.googleapis.com/v1/projects/my-project-app-477009/zones/us-central1-a/clusters/product-gke-cluster",
            "service_external_ips_config": [
              {
                "enabled": false
              }
            ],
            "services_ipv4_cidr": "34.118.224.0/20",
            "subnetwork": "projects/my-project-app-477009/regions/us-central1/subnetworks/default",
            "timeouts": null,
            "tpu_ipv4_cidr_block": "",
            "vertical_pod_autoscaling": [],
            "workload_identity_config": []
          },
          "sensitive_attributes": [
            [
              {
                "type": "get_attr",
                "value": "master_auth"
              },
              {
                "type": "index",
                "value": {
                  "value": 0,
                  "type": "number"
                }
              },
              {
                "type": "get_attr",
                "value": "client_key"
              }
            ]
          ],
          "identity_schema_version": 0,
          "private": "eyJlMmJmYjczMC1lY2FhLTExZTYtOGY4OC0zNDM2M2JjN2M0YzAiOnsiY3JlYXRlIjoyNDAwMDAwMDAwMDAwLCJkZWxldGUiOjI0MDAwMDAwMDAwMDAsInJlYWQiOjI0MDAwMDAwMDAwMDAsInVwZGF0ZSI6MzYwMDAwMDAwMDAwMH0sInNjaGVtYV92ZXJzaW9uIjoiMiJ9"
        }
      ]
    },
    {
      "mode": "managed",
      "type": "google_container_node_pool",
      "name": "node_pool",
      "provider": "provider[\"registry.terraform.io/hashicorp/google\"]",
      "instances": [
        {
          "schema_version": 1,
          "attributes": {
            "autoscaling": [],
            "cluster": "product-gke-cluster",
            "id": "projects/my-project-app-477009/locations/us-central1-a/clusters/product-gke-cluster/nodePools/primary-pool",
            "initial_node_count": 2,
            "instance_group_urls": [
              "https://www.googleapis.com/compute/v1/projects/my-project-app-477009/zones/us-central1-a/instanceGroupManagers/gke-product-gke-cluster-primary-pool-d917d39f-grp"
            ],
            "location": "us-central1-a",
            "managed_instance_group_urls": [
              "https://www.googleapis.com/compute/v1/projects/my-project-app-477009/zones/us-central1-a/instanceGroups/gke-product-gke-cluster-primary-pool-d917d39f-grp"
            ],
            "management": [
              {
                "auto_repair": true,
                "auto_upgrade": true
              }
            ],
            "max_pods_per_node": 110,
            "name": "primary-pool",
            "name_prefix": "",
            "network_config": [
              {
                "additional_node_network_configs": [],
                "additional_pod_network_configs": [],
                "create_pod_range": false,
                "enable_private_nodes": false,
                "network_performance_config": [],
                "pod_cidr_overprovision_config": [],
                "pod_ipv4_cidr_block": "10.84.0.0/14",
                "pod_range": "gke-product-gke-cluster-pods-7aacc0d3"
              }
            ],
            "node_config": [
              {
                "advanced_machine_features": [],
                "boot_disk_kms_key": "",
                "confidential_nodes": [],
                "containerd_config": [],
                "disk_size_gb": 100,
                "disk_type": "pd-balanced",
                "effective_taints": [],
                "enable_confidential_storage": false,
                "ephemeral_storage_local_ssd_config": [],
                "fast_socket": [],
                "gcfs_config": [],
                "guest_accelerator": [],
                "gvnic": [],
                "host_maintenance_policy": [],
                "image_type": "COS_CONTAINERD",
                "kubelet_config": [
                  {
                    "cpu_cfs_quota": false,
                    "cpu_cfs_quota_period": "",
                    "cpu_manager_policy": "",
                    "pod_pids_limit": 0
                  }
                ],
                "labels": {},
                "linux_node_config": [],
                "local_nvme_ssd_block_config": [],
                "local_ssd_count": 0,
                "logging_variant": "DEFAULT",
                "machine_type": "e2-medium",
                "metadata": {
                  "disable-legacy-endpoints": "true"
                },
                "min_cpu_platform": "",
                "node_group": "",
                "oauth_scopes": [
                  "https://www.googleapis.com/auth/cloud-platform"
                ],
                "preemptible": false,
                "reservation_affinity": [],
                "resource_labels": {
                  "goog-gke-node-pool-provisioning-model": "on-demand"
                },
                "resource_manager_tags": null,
                "secondary_boot_disks": [],
                "service_account": "default",
                "shielded_instance_config": [
                  {
                    "enable_integrity_monitoring": true,
                    "enable_secure_boot": false
                  }
                ],
                "sole_tenant_config": [],
                "spot": false,
                "tags": null,
                "taint": [],
                "workload_metadata_config": []
              }
            ],
            "node_count": 2,
            "node_locations": [
              "us-central1-a"
            ],
            "operation": null,
            "placement_policy": [],
            "project": "my-project-app-477009",
            "queued_provisioning": [],
            "timeouts": null,
            "upgrade_settings": [
              {
                "blue_green_settings": [],
                "max_surge": 1,
                "max_unavailable": 0,
                "strategy": "SURGE"
              }
            ],
            "version": "1.33.5-gke.1162000"
          },
          "sensitive_attributes": [],
          "identity_schema_version": 0,
          "private": "eyJlMmJmYjczMC1lY2FhLTExZTYtOGY4OC0zNDM2M2JjN2M0YzAiOnsiY3JlYXRlIjoxODAwMDAwMDAwMDAwLCJkZWxldGUiOjE4MDAwMDAwMDAwMDAsInVwZGF0ZSI6MTgwMDAwMDAwMDAwMH0sInNjaGVtYV92ZXJzaW9uIjoiMSJ9",
          "dependencies": [
            "google_container_cluster.gke_cluster"
          ]
        }
      ]
    },
    {
      "mode": "managed",
      "type": "google_project_iam_member",
      "name": "gsa_cloudsql_client",
      "provider": "provider[\"registry.terraform.io/hashicorp/google\"]",
      "instances": [
        {
          "schema_version": 0,
          "attributes": {
            "condition": [],
            "etag": "BwZC6V5/5qw=",
            "id": "my-project-app-477009/roles/cloudsql.client/serviceAccount:product-api-gsa@my-project-app-477009.iam.gserviceaccount.com",
            "member": "serviceAccount:product-api-gsa@my-project-app-477009.iam.gserviceaccount.com",
            "project": "my-project-app-477009",
            "role": "roles/cloudsql.client"
          },
          "sensitive_attributes": [],
          "identity_schema_version": 0,
          "private": "bnVsbA==",
          "dependencies": [
            "google_service_account.app_gsa"
          ]
        }
      ]
    },
    {
      "mode": "managed",
      "type": "google_project_service",
      "name": "enable_artifact",
      "provider": "provider[\"registry.terraform.io/hashicorp/google\"]",
      "instances": [
        {
          "schema_version": 0,
          "attributes": {
            "disable_dependent_services": null,
            "disable_on_destroy": true,
            "id": "my-project-app-477009/artifactregistry.googleapis.com",
            "project": "my-project-app-477009",
            "service": "artifactregistry.googleapis.com",
            "timeouts": null
          },
          "sensitive_attributes": [],
          "identity_schema_version": 0,
          "private": "eyJlMmJmYjczMC1lY2FhLTExZTYtOGY4OC0zNDM2M2JjN2M0YzAiOnsiY3JlYXRlIjoxMjAwMDAwMDAwMDAwLCJkZWxldGUiOjEyMDAwMDAwMDAwMDAsInJlYWQiOjYwMDAwMDAwMDAwMCwidXBkYXRlIjoxMjAwMDAwMDAwMDAwfX0="
        }
      ]
    },
    {
      "mode": "managed",
      "type": "google_project_service",
      "name": "enable_container",
      "provider": "provider[\"registry.terraform.io/hashicorp/google\"]",
      "instances": [
        {
          "schema_version": 0,
          "attributes": {
            "disable_dependent_services": null,
            "disable_on_destroy": true,
            "id": "my-project-app-477009/container.googleapis.com",
            "project": "my-project-app-477009",
            "service": "container.googleapis.com",
            "timeouts": null
          },
          "sensitive_attributes": [],
          "identity_schema_version": 0,
          "private": "eyJlMmJmYjczMC1lY2FhLTExZTYtOGY4OC0zNDM2M2JjN2M0YzAiOnsiY3JlYXRlIjoxMjAwMDAwMDAwMDAwLCJkZWxldGUiOjEyMDAwMDAwMDAwMDAsInJlYWQiOjYwMDAwMDAwMDAwMCwidXBkYXRlIjoxMjAwMDAwMDAwMDAwfX0="
        }
      ]
    },
    {
      "mode": "managed",
      "type": "google_project_service",
      "name": "enable_sql",
      "provider": "provider[\"registry.terraform.io/hashicorp/google\"]",
      "instances": [
        {
          "schema_version": 0,
          "attributes": {
            "disable_dependent_services": null,
            "disable_on_destroy": true,
            "id": "my-project-app-477009/sqladmin.googleapis.com",
            "project": "my-project-app-477009",
            "service": "sqladmin.googleapis.com",
            "timeouts": null
          },
          "sensitive_attributes": [],
          "identity_schema_version": 0,
          "private": "eyJlMmJmYjczMC1lY2FhLTExZTYtOGY4OC0zNDM2M2JjN2M0YzAiOnsiY3JlYXRlIjoxMjAwMDAwMDAwMDAwLCJkZWxldGUiOjEyMDAwMDAwMDAwMDAsInJlYWQiOjYwMDAwMDAwMDAwMCwidXBkYXRlIjoxMjAwMDAwMDAwMDAwfX0="
        }
      ]
    },
    {
      "mode": "managed",
      "type": "google_service_account",
      "name": "app_gsa",
      "provider": "provider[\"registry.terraform.io/hashicorp/google\"]",
      "instances": [
        {
          "schema_version": 0,
          "attributes": {
            "account_id": "product-api-gsa",
            "create_ignore_already_exists": null,
            "description": "",
            "disabled": false,
            "display_name": "Product API GSA",
            "email": "product-api-gsa@my-project-app-477009.iam.gserviceaccount.com",
            "id": "projects/my-project-app-477009/serviceAccounts/product-api-gsa@my-project-app-477009.iam.gserviceaccount.com",
            "member": "serviceAccount:product-api-gsa@my-project-app-477009.iam.gserviceaccount.com",
            "name": "projects/my-project-app-477009/serviceAccounts/product-api-gsa@my-project-app-477009.iam.gserviceaccount.com",
            "project": "my-project-app-477009",
            "timeouts": null,
            "unique_id": "101327978087923724313"
          },
          "sensitive_attributes": [],
          "identity_schema_version": 0,
          "private": "eyJlMmJmYjczMC1lY2FhLTExZTYtOGY4OC0zNDM2M2JjN2M0YzAiOnsiY3JlYXRlIjozMDAwMDAwMDAwMDB9fQ=="
        }
      ]
    },
    {
      "mode": "managed",
      "type": "google_sql_database_instance",
      "name": "postgres_instance",
      "provider": "provider[\"registry.terraform.io/hashicorp/google\"]",
      "instances": [
        {
          "schema_version": 0,
          "attributes": {
            "available_maintenance_versions": [],
            "clone": [],
            "connection_name": "my-project-app-477009:us-central1:product-db-instance",
            "database_version": "POSTGRES_15",
            "deletion_protection": true,
            "dns_name": "",
            "encryption_key_name": null,
            "first_ip_address": "136.115.254.71",
            "id": "product-db-instance",
            "instance_type": "CLOUD_SQL_INSTANCE",
            "ip_address": [
              {
                "ip_address": "136.115.254.71",
                "time_to_retire": "",
                "type": "PRIMARY"
              },
              {
                "ip_address": "34.173.21.104",
                "time_to_retire": "",
                "type": "OUTGOING"
              }
            ],
            "maintenance_version": "POSTGRES_15_14.R20251004.01_07",
            "master_instance_name": "",
            "name": "product-db-instance",
            "private_ip_address": "",
            "project": "my-project-app-477009",
            "psc_service_attachment_link": "",
            "public_ip_address": "136.115.254.71",
            "region": "us-central1",
            "replica_configuration": [],
            "restore_backup_context": [],
            "root_password": null,
            "self_link": "https://sqladmin.googleapis.com/sql/v1beta4/projects/my-project-app-477009/instances/product-db-instance",
            "server_ca_cert": [
              {
                "cert": "-----BEGIN CERTIFICATE-----\nMIIDfzCCAmegAwIBAgIBADANBgkqhkiG9w0BAQsFADB3MS0wKwYDVQQuEyQyMmYy\nNjY2OS01NTE0LTQwMDItOWJkNC0zNzhkM2I0NWFmOWExIzAhBgNVBAMTGkdvb2ds\nZSBDbG91ZCBTUUwgU2VydmVyIENBMRQwEgYDVQQKEwtHb29nbGUsIEluYzELMAkG\nA1UEBhMCVVMwHhcNMjUxMTAzMDQwMjQ4WhcNMzUxMTAxMDQwMzQ4WjB3MS0wKwYD\nVQQuEyQyMmYyNjY2OS01NTE0LTQwMDItOWJkNC0zNzhkM2I0NWFmOWExIzAhBgNV\nBAMTGkdvb2dsZSBDbG91ZCBTUUwgU2VydmVyIENBMRQwEgYDVQQKEwtHb29nbGUs\nIEluYzELMAkGA1UEBhMCVVMwggEiMA0GCSqGSIb3DQEBAQUAA4IBDwAwggEKAoIB\nAQC/tLHfAuWS6HmqMEPwrzWYvlpiPHkXLMuf+pEYw/mpYfxnk33CLx2C+9PAShET\neK0Y56QwJfI/ddWuqNO36bXObr79AO/ttgEEDL+qNOlAVtoNC4w60R6h5f0/461u\n0BzM0znsdGKkcX7XrMvJVOStrzvwRosoVGHKZLID58fgU2rANZ4FcGcqiYMmSUuM\nrdE2wKx88KqtHzFQYiI1hWnZRT1eYrIw+AsROnrbgstkNdUIjKMqcIlXImYsYd78\nBYNMaoegzrxcfiM5SsFw0FEW44Mj9iSLSPmYsVXpvuUFpflI34if/g7im6PCWy4Y\nIBnS0x9as7Rygf9V61vJU+mjAgMBAAGjFjAUMBIGA1UdEwEB/wQIMAYBAf8CAQAw\nDQYJKoZIhvcNAQELBQADggEBAIsrqbb5Jv3LVvmBTdyRuPc9H0XFzaE+O5WW5vX9\nLkqYnZPPlcHmRXThDcjQd5/ZEDFuokrVc8QJxilkXg9/+MKXEom4keA6HZkjwiPd\nHUfTggEqfSxeEEMHFqubMf5TOkcNJZPt7qg4+XArpptIJE/nfTQIUhqdyzBhKTX0\nio+rXw75RHefsR/YFGj5UOfJwFmDHYlHDDNUkzs/WchuVsnFECqFfAbwrCVvSMsJ\nJyL3gjU7/WVc6xoGJRKGVCd8hibclhtqmjYFyMd/P5yjw4FJvR65ZOaEFs1HxYV3\nlw3NYF82aNRgewhamkS/iI0tI5U03IxtkkWJuFJmwzGZYmQ=\n-----END CERTIFICATE-----",
                "common_name": "C=US,O=Google\\, Inc,CN=Google Cloud SQL Server CA,dnQualifier=22f26669-5514-4002-9bd4-378d3b45af9a",
                "create_time": "2025-11-03T04:02:48.148Z",
                "expiration_time": "2035-11-01T04:03:48.148Z",
                "sha1_fingerprint": "4276d019982b61be506a7716d6ff667227e7f40c"
              }
            ],
            "service_account_email_address": "p433503387155-wd6ygd@gcp-sa-cloud-sql.iam.gserviceaccount.com",
            "settings": [
              {
                "activation_policy": "ALWAYS",
                "active_directory_config": [],
                "advanced_machine_features": [],
                "availability_type": "ZONAL",
                "backup_configuration": [
                  {
                    "backup_retention_settings": [
                      {
                        "retained_backups": 7,
                        "retention_unit": "COUNT"
                      }
                    ],
                    "binary_log_enabled": false,
                    "enabled": true,
                    "location": "us",
                    "point_in_time_recovery_enabled": true,
                    "start_time": "19:00",
                    "transaction_log_retention_days": 7
                  }
                ],
                "collation": "",
                "connector_enforcement": "NOT_REQUIRED",
                "data_cache_config": [],
                "database_flags": [],
                "deletion_protection_enabled": false,
                "deny_maintenance_period": [],
                "disk_autoresize": true,
                "disk_autoresize_limit": 0,
                "disk_size": 10,
                "disk_type": "PD_SSD",
                "edition": "ENTERPRISE",
                "enable_dataplex_integration": false,
                "enable_google_ml_integration": false,
                "insights_config": [
                  {
                    "query_insights_enabled": false,
                    "query_plans_per_minute": 0,
                    "query_string_length": 0,
                    "record_application_tags": false,
                    "record_client_address": false
                  }
                ],
                "ip_configuration": [
                  {
                    "allocated_ip_range": "",
                    "authorized_networks": [
                      {
                        "expiration_time": "",
                        "name": "demo-allow",
                        "value": "0.0.0.0/0"
                      }
                    ],
                    "enable_private_path_for_google_cloud_services": false,
                    "ipv4_enabled": true,
                    "private_network": "",
                    "psc_config": [],
                    "require_ssl": false,
                    "ssl_mode": ""
                  }
                ],
                "location_preference": [
                  {
                    "follow_gae_application": "",
                    "secondary_zone": "",
                    "zone": "us-central1-f"
                  }
                ],
                "maintenance_window": [],
                "password_validation_policy": [],
                "pricing_plan": "PER_USE",
                "sql_server_audit_config": [],
                "tier": "db-f1-micro",
                "time_zone": "",
                "user_labels": {},
                "version": 52
              }
            ],
            "timeouts": null
          },
          "sensitive_attributes": [
            [
              {
                "type": "get_attr",
                "value": "root_password"
              }
            ],
            [
              {
                "type": "get_attr",
                "value": "server_ca_cert"
              }
            ]
          ],
          "identity_schema_version": 0,
          "private": "eyJlMmJmYjczMC1lY2FhLTExZTYtOGY4OC0zNDM2M2JjN2M0YzAiOnsiY3JlYXRlIjo1NDAwMDAwMDAwMDAwLCJkZWxldGUiOjU0MDAwMDAwMDAwMDAsInVwZGF0ZSI6NTQwMDAwMDAwMDAwMH19"
        }
      ]
    },
    {
      "mode": "managed",
      "type": "google_sql_user",
      "name": "db_user",
      "provider": "provider[\"registry.terraform.io/hashicorp/google\"]",
      "instances": [
        {
          "schema_version": 1,
          "attributes": {
            "deletion_policy": null,
            "host": "",
            "id": "postgres//product-db-instance",
            "instance": "product-db-instance",
            "name": "postgres",
            "password": "postgres",
            "password_policy": [],
            "project": "my-project-app-477009",
            "sql_server_user_details": [],
            "timeouts": null,
            "type": ""
          },
          "sensitive_attributes": [
            [
              {
                "type": "get_attr",
                "value": "password"
              }
            ]
          ],
          "identity_schema_version": 0,
          "private": "eyJlMmJmYjczMC1lY2FhLTExZTYtOGY4OC0zNDM2M2JjN2M0YzAiOnsiY3JlYXRlIjo2MDAwMDAwMDAwMDAsImRlbGV0ZSI6NjAwMDAwMDAwMDAwLCJ1cGRhdGUiOjYwMDAwMDAwMDAwMH0sInNjaGVtYV92ZXJzaW9uIjoiMSJ9",
          "dependencies": [
            "google_sql_database_instance.postgres_instance"
          ]
        }
      ]
    }
  ],
  "check_results": null
}
